
Microsoft Visual Studio Solution File, Format Version 12.00
# Visual Studio Version 16
VisualStudioVersion = 16.0.30907.101
MinimumVisualStudioVersion = 10.0.40219.1
Project("{9A19103F-16F7-4668-BE54-9A1E7A4F7556}") = "CalculatorProgram", "CalculatorProgram\CalculatorProgram.csproj", "{DDAC0D52-E88D-46CC-9BF8-11E1210D7A2C}"
EndProject
Project("{9A19103F-16F7-4668-BE54-9A1E7A4F7556}") = "CalculatorProgram.Test.Unit", "Calculator.Test.Unit\CalculatorProgram.Test.Unit.csproj", "{73BA928E-C418-42BB-B9DE-6308760D0800}"
EndProject
Global
	GlobalSection(SolutionConfigurationPlatforms) = preSolution
		Debug|Any CPU = Debug|Any CPU
		Release|Any CPU = Release|Any CPU
	EndGlobalSection
	GlobalSection(ProjectConfigurationPlatforms) = postSolution
		{DDAC0D52-E88D-46CC-9BF8-11E1210D7A2C}.Debug|Any CPU.ActiveCfg = Debug|Any CPU
		{DDAC0D52-E88D-46CC-9BF8-11E1210D7A2C}.Debug|Any CPU.Build.0 = Debug|Any CPU
		{DDAC0D52-E88D-46CC-9BF8-11E1210D7A2C}.Release|Any CPU.ActiveCfg = Release|Any CPU
		{DDAC0D52-E88D-46CC-9BF8-11E1210D7A2C}.Release|Any CPU.Build.0 = Release|Any CPU
		{73BA928E-C418-42BB-B9DE-6308760D0800}.Debug|Any CPU.ActiveCfg = Debug|Any CPU
		{73BA928E-C418-42BB-B9DE-6308760D0800}.Debug|Any CPU.Build.0 = Debug|Any CPU
		{73BA928E-C418-42BB-B9DE-6308760D0800}.Release|Any CPU.ActiveCfg = Release|Any CPU
		{73BA928E-C418-42BB-B9DE-6308760D0800}.Release|Any CPU.Build.0 = Release|Any CPU
	EndGlobalSection
	GlobalSection(SolutionProperties) = preSolution
		HideSolutionNode = FALSE
	EndGlobalSection
	GlobalSection(ExtensibilityGlobals) = postSolution
		SolutionGuid = {A2FC4D7E-9DE0-4A8C-B440-82CAA28D397E}
	EndGlobalSection
EndGlobal
